
Microsoft Visual Studio Solution File, Format Version 12.00
# Visual Studio Version 17
VisualStudioVersion = 17.11.35327.3
MinimumVisualStudioVersion = 10.0.40219.1
Project("{FAE04EC0-301F-11D3-BF4B-00C04F79EFBC}") = "P01NarzedzieWebClient", "P01NarzedzieWebClient\P01NarzedzieWebClient.csproj", "{5CF951B6-5C8B-4CF0-9341-3A4B762D4BFA}"
EndProject
Project("{FAE04EC0-301F-11D3-BF4B-00C04F79EFBC}") = "P02ZadaniePogoda", "P02ZadaniePogoda\P02ZadaniePogoda.csproj", "{B58FE9D1-F966-4EAA-A12D-1A84C250CBA0}"
EndProject
Project("{FAE04EC0-301F-11D3-BF4B-00C04F79EFBC}") = "P03Tablice", "P03Tablice\P03Tablice.csproj", "{7D755BA2-31DC-4814-A2E3-0E4AF707792E}"
EndProject
Project("{FAE04EC0-301F-11D3-BF4B-00C04F79EFBC}") = "P04ZadnieTablice", "P04ZadnieTablice\P04ZadnieTablice.csproj", "{CBEC589B-DE84-4AEE-9516-DDF360628CF2}"
EndProject
Project("{FAE04EC0-301F-11D3-BF4B-00C04F79EFBC}") = "P05ObslugaBledow", "P05ObslugaBledow\P05ObslugaBledow.csproj", "{B50C3C65-607B-4794-82DC-33006E2EEA1B}"
EndProject
Project("{FAE04EC0-301F-11D3-BF4B-00C04F79EFBC}") = "P06KonwersjaTablicOrazNapisow", "P06KonwersjaTablicOrazNapisow\P06KonwersjaTablicOrazNapisow.csproj", "{8F18F336-899B-4C1D-8414-7E34BF3EB922}"
EndProject
Project("{FAE04EC0-301F-11D3-BF4B-00C04F79EFBC}") = "P07Listy", "P07Listy\P07Listy.csproj", "{9B75740B-1B7E-46C9-A95C-9EE1815D7468}"
EndProject
Project("{FAE04EC0-301F-11D3-BF4B-00C04F79EFBC}") = "P08ZadanieListy", "P08ZadanieListy\P08ZadanieListy.csproj", "{7459C17C-CCD1-4F84-BB95-8EB3F94B1591}"
EndProject
Project("{FAE04EC0-301F-11D3-BF4B-00C04F79EFBC}") = "P09ZadanieZawodnicy", "P09ZadanieZawodnicy\P09ZadanieZawodnicy.csproj", "{18A93148-68FD-4F83-AC5E-1DC80AC0746D}"
EndProject
Global
	GlobalSection(SolutionConfigurationPlatforms) = preSolution
		Debug|Any CPU = Debug|Any CPU
		Release|Any CPU = Release|Any CPU
	EndGlobalSection
	GlobalSection(ProjectConfigurationPlatforms) = postSolution
		{5CF951B6-5C8B-4CF0-9341-3A4B762D4BFA}.Debug|Any CPU.ActiveCfg = Debug|Any CPU
		{5CF951B6-5C8B-4CF0-9341-3A4B762D4BFA}.Debug|Any CPU.Build.0 = Debug|Any CPU
		{5CF951B6-5C8B-4CF0-9341-3A4B762D4BFA}.Release|Any CPU.ActiveCfg = Release|Any CPU
		{5CF951B6-5C8B-4CF0-9341-3A4B762D4BFA}.Release|Any CPU.Build.0 = Release|Any CPU
		{B58FE9D1-F966-4EAA-A12D-1A84C250CBA0}.Debug|Any CPU.ActiveCfg = Debug|Any CPU
		{B58FE9D1-F966-4EAA-A12D-1A84C250CBA0}.Debug|Any CPU.Build.0 = Debug|Any CPU
		{B58FE9D1-F966-4EAA-A12D-1A84C250CBA0}.Release|Any CPU.ActiveCfg = Release|Any CPU
		{B58FE9D1-F966-4EAA-A12D-1A84C250CBA0}.Release|Any CPU.Build.0 = Release|Any CPU
		{7D755BA2-31DC-4814-A2E3-0E4AF707792E}.Debug|Any CPU.ActiveCfg = Debug|Any CPU
		{7D755BA2-31DC-4814-A2E3-0E4AF707792E}.Debug|Any CPU.Build.0 = Debug|Any CPU
		{7D755BA2-31DC-4814-A2E3-0E4AF707792E}.Release|Any CPU.ActiveCfg = Release|Any CPU
		{7D755BA2-31DC-4814-A2E3-0E4AF707792E}.Release|Any CPU.Build.0 = Release|Any CPU
		{CBEC589B-DE84-4AEE-9516-DDF360628CF2}.Debug|Any CPU.ActiveCfg = Debug|Any CPU
		{CBEC589B-DE84-4AEE-9516-DDF360628CF2}.Debug|Any CPU.Build.0 = Debug|Any CPU
		{CBEC589B-DE84-4AEE-9516-DDF360628CF2}.Release|Any CPU.ActiveCfg = Release|Any CPU
		{CBEC589B-DE84-4AEE-9516-DDF360628CF2}.Release|Any CPU.Build.0 = Release|Any CPU
		{B50C3C65-607B-4794-82DC-33006E2EEA1B}.Debug|Any CPU.ActiveCfg = Debug|Any CPU
		{B50C3C65-607B-4794-82DC-33006E2EEA1B}.Debug|Any CPU.Build.0 = Debug|Any CPU
		{B50C3C65-607B-4794-82DC-33006E2EEA1B}.Release|Any CPU.ActiveCfg = Release|Any CPU
		{B50C3C65-607B-4794-82DC-33006E2EEA1B}.Release|Any CPU.Build.0 = Release|Any CPU
		{8F18F336-899B-4C1D-8414-7E34BF3EB922}.Debug|Any CPU.ActiveCfg = Debug|Any CPU
		{8F18F336-899B-4C1D-8414-7E34BF3EB922}.Debug|Any CPU.Build.0 = Debug|Any CPU
		{8F18F336-899B-4C1D-8414-7E34BF3EB922}.Release|Any CPU.ActiveCfg = Release|Any CPU
		{8F18F336-899B-4C1D-8414-7E34BF3EB922}.Release|Any CPU.Build.0 = Release|Any CPU
		{9B75740B-1B7E-46C9-A95C-9EE1815D7468}.Debug|Any CPU.ActiveCfg = Debug|Any CPU
		{9B75740B-1B7E-46C9-A95C-9EE1815D7468}.Debug|Any CPU.Build.0 = Debug|Any CPU
		{9B75740B-1B7E-46C9-A95C-9EE1815D7468}.Release|Any CPU.ActiveCfg = Release|Any CPU
		{9B75740B-1B7E-46C9-A95C-9EE1815D7468}.Release|Any CPU.Build.0 = Release|Any CPU
		{7459C17C-CCD1-4F84-BB95-8EB3F94B1591}.Debug|Any CPU.ActiveCfg = Debug|Any CPU
		{7459C17C-CCD1-4F84-BB95-8EB3F94B1591}.Debug|Any CPU.Build.0 = Debug|Any CPU
		{7459C17C-CCD1-4F84-BB95-8EB3F94B1591}.Release|Any CPU.ActiveCfg = Release|Any CPU
		{7459C17C-CCD1-4F84-BB95-8EB3F94B1591}.Release|Any CPU.Build.0 = Release|Any CPU
		{18A93148-68FD-4F83-AC5E-1DC80AC0746D}.Debug|Any CPU.ActiveCfg = Debug|Any CPU
		{18A93148-68FD-4F83-AC5E-1DC80AC0746D}.Debug|Any CPU.Build.0 = Debug|Any CPU
		{18A93148-68FD-4F83-AC5E-1DC80AC0746D}.Release|Any CPU.ActiveCfg = Release|Any CPU
		{18A93148-68FD-4F83-AC5E-1DC80AC0746D}.Release|Any CPU.Build.0 = Release|Any CPU
	EndGlobalSection
	GlobalSection(SolutionProperties) = preSolution
		HideSolutionNode = FALSE
	EndGlobalSection
	GlobalSection(ExtensibilityGlobals) = postSolution
		SolutionGuid = {EF5F9A0D-87AE-4680-AD97-ABC11A071A33}
	EndGlobalSection
EndGlobal
